
Microsoft Visual Studio Solution File, Format Version 12.00
# Visual Studio Version 17
VisualStudioVersion = 17.4.33110.190
MinimumVisualStudioVersion = 10.0.40219.1
Project("{9A19103F-16F7-4668-BE54-9A1E7A4F7556}") = "MoneyPlus", "MoneyPlus\MoneyPlus.csproj", "{DFC93726-5C04-4475-9D4F-7E249A5D5EA4}"
EndProject
Global
	GlobalSection(SolutionConfigurationPlatforms) = preSolution
		Debug|Any CPU = Debug|Any CPU
		Release|Any CPU = Release|Any CPU
	EndGlobalSection
	GlobalSection(ProjectConfigurationPlatforms) = postSolution
		{DFC93726-5C04-4475-9D4F-7E249A5D5EA4}.Debug|Any CPU.ActiveCfg = Debug|Any CPU
		{DFC93726-5C04-4475-9D4F-7E249A5D5EA4}.Debug|Any CPU.Build.0 = Debug|Any CPU
		{DFC93726-5C04-4475-9D4F-7E249A5D5EA4}.Release|Any CPU.ActiveCfg = Release|Any CPU
		{DFC93726-5C04-4475-9D4F-7E249A5D5EA4}.Release|Any CPU.Build.0 = Release|Any CPU
	EndGlobalSection
	GlobalSection(SolutionProperties) = preSolution
		HideSolutionNode = FALSE
	EndGlobalSection
	GlobalSection(ExtensibilityGlobals) = postSolution
		SolutionGuid = {1752C0C5-7BF9-4F80-A3A0-A37985E34A5D}
	EndGlobalSection
EndGlobal
